
Microsoft Visual Studio Solution File, Format Version 12.00
# Visual Studio Version 17
VisualStudioVersion = 17.5.33424.131
MinimumVisualStudioVersion = 10.0.40219.1
Project("{2150E333-8FDC-42A3-9474-1A3956D46DE8}") = "1简单模式", "1简单模式", "{D2BD459E-C13D-47D4-B099-16A0D27729C9}"
EndProject
Project("{2150E333-8FDC-42A3-9474-1A3956D46DE8}") = "2工作队列模式", "2工作队列模式", "{733469BD-0863-41E0-9358-FD6358899CC2}"
EndProject
Project("{9A19103F-16F7-4668-BE54-9A1E7A4F7556}") = "Producer", "1简单模式\Producer\Producer.csproj", "{050EA7C5-29CD-46C7-9C5F-73CF8C7056CA}"
EndProject
Project("{9A19103F-16F7-4668-BE54-9A1E7A4F7556}") = "Consumer", "1简单模式\Consumer\Consumer.csproj", "{96EA4731-8B3D-4C20-A6CA-012F207F19EC}"
EndProject
Project("{9A19103F-16F7-4668-BE54-9A1E7A4F7556}") = "Producer", "2工作队列模式\Producer\Producer.csproj", "{ABCE75F6-575C-4F17-91C2-C8EEBCD19F66}"
EndProject
Project("{9A19103F-16F7-4668-BE54-9A1E7A4F7556}") = "GlobalNuget", "GlobalNuget\GlobalNuget.csproj", "{1B8C9066-7C3B-427C-B851-DEA604CF186C}"
EndProject
Project("{2150E333-8FDC-42A3-9474-1A3956D46DE8}") = "3发布订阅模式", "3发布订阅模式", "{0FB8CDE9-B14B-4347-A781-2A32426A4C9F}"
EndProject
Project("{9A19103F-16F7-4668-BE54-9A1E7A4F7556}") = "Producer", "3发布订阅模式\Producer\Producer.csproj", "{0CA6B737-C6DF-45B3-8A1B-D0DCD838EAD6}"
EndProject
Project("{9A19103F-16F7-4668-BE54-9A1E7A4F7556}") = "Consumer2", "3发布订阅模式\Consumer2\Consumer2.csproj", "{8207BA3C-9400-40EB-91EE-5C5A1E238863}"
EndProject
Project("{9A19103F-16F7-4668-BE54-9A1E7A4F7556}") = "Consumer1", "2工作队列模式\Consumer1\Consumer1.csproj", "{1D1E2983-BDD5-4E03-B6AF-DB9769A89F65}"
EndProject
Project("{9A19103F-16F7-4668-BE54-9A1E7A4F7556}") = "Consumer2", "2工作队列模式\Consumer2\Consumer2.csproj", "{20E5F70E-C6A3-426A-84A2-713C2BA89091}"
EndProject
Project("{9A19103F-16F7-4668-BE54-9A1E7A4F7556}") = "Consumer1", "3发布订阅模式\Consumer1\Consumer1.csproj", "{43F1B3AF-19E4-4B34-ACB5-487E4177AF65}"
EndProject
Project("{2150E333-8FDC-42A3-9474-1A3956D46DE8}") = "4路由模式", "4路由模式", "{5A77FF46-AC79-488A-B8B8-923513291B8B}"
EndProject
Project("{2150E333-8FDC-42A3-9474-1A3956D46DE8}") = "5主题模式", "5主题模式", "{023C137E-F696-40E6-8506-33E239493028}"
EndProject
Project("{2150E333-8FDC-42A3-9474-1A3956D46DE8}") = "6首部模式", "6首部模式", "{93BE89BD-EBA3-4B13-BF33-36C038374226}"
EndProject
Project("{9A19103F-16F7-4668-BE54-9A1E7A4F7556}") = "Producer", "5主题模式\Producer\Producer.csproj", "{C1344ED9-1E9F-46F4-8031-CFDED2ECFA91}"
EndProject
Project("{9A19103F-16F7-4668-BE54-9A1E7A4F7556}") = "Producer", "6首部模式\Producer\Producer.csproj", "{5F98DB2D-2B71-4A71-9AB1-45D6599D3BCE}"
EndProject
Project("{9A19103F-16F7-4668-BE54-9A1E7A4F7556}") = "CustomPush", "3发布订阅模式\CustomPush\CustomPush.csproj", "{3F4BC286-1A6D-4CF4-B3A0-0B7545A4B9AB}"
EndProject
Project("{2150E333-8FDC-42A3-9474-1A3956D46DE8}") = "Direct模式", "Direct模式", "{DCC0D9B2-740D-4F64-9D3A-8A66CB94FEA9}"
EndProject
Project("{2150E333-8FDC-42A3-9474-1A3956D46DE8}") = "Topic模式", "Topic模式", "{F23E9A3F-A739-435F-A09D-EC1B827E6425}"
EndProject
Project("{9A19103F-16F7-4668-BE54-9A1E7A4F7556}") = "Producer", "4路由模式\Direct模式\Producer\Producer.csproj", "{E590A7E8-D82C-45F7-AC2A-C13722E09FE6}"
EndProject
Project("{9A19103F-16F7-4668-BE54-9A1E7A4F7556}") = "Producer", "4路由模式\Topic模式\Producer\Producer.csproj", "{DCE48802-E674-48B5-AA0B-1B7D2F95E2BF}"
EndProject
Project("{9A19103F-16F7-4668-BE54-9A1E7A4F7556}") = "Consumer", "4路由模式\Direct模式\Consumer\Consumer.csproj", "{2FAFDA01-BF3D-4F57-9312-1887E86D3ED0}"
EndProject
Project("{9A19103F-16F7-4668-BE54-9A1E7A4F7556}") = "Consumer", "4路由模式\Topic模式\Consumer\Consumer.csproj", "{B6878F0A-BD94-46D0-90AC-8E16F37D184D}"
EndProject
Global
	GlobalSection(SolutionConfigurationPlatforms) = preSolution
		Debug|Any CPU = Debug|Any CPU
		Release|Any CPU = Release|Any CPU
	EndGlobalSection
	GlobalSection(ProjectConfigurationPlatforms) = postSolution
		{050EA7C5-29CD-46C7-9C5F-73CF8C7056CA}.Debug|Any CPU.ActiveCfg = Debug|Any CPU
		{050EA7C5-29CD-46C7-9C5F-73CF8C7056CA}.Debug|Any CPU.Build.0 = Debug|Any CPU
		{050EA7C5-29CD-46C7-9C5F-73CF8C7056CA}.Release|Any CPU.ActiveCfg = Release|Any CPU
		{050EA7C5-29CD-46C7-9C5F-73CF8C7056CA}.Release|Any CPU.Build.0 = Release|Any CPU
		{96EA4731-8B3D-4C20-A6CA-012F207F19EC}.Debug|Any CPU.ActiveCfg = Debug|Any CPU
		{96EA4731-8B3D-4C20-A6CA-012F207F19EC}.Debug|Any CPU.Build.0 = Debug|Any CPU
		{96EA4731-8B3D-4C20-A6CA-012F207F19EC}.Release|Any CPU.ActiveCfg = Release|Any CPU
		{96EA4731-8B3D-4C20-A6CA-012F207F19EC}.Release|Any CPU.Build.0 = Release|Any CPU
		{ABCE75F6-575C-4F17-91C2-C8EEBCD19F66}.Debug|Any CPU.ActiveCfg = Debug|Any CPU
		{ABCE75F6-575C-4F17-91C2-C8EEBCD19F66}.Debug|Any CPU.Build.0 = Debug|Any CPU
		{ABCE75F6-575C-4F17-91C2-C8EEBCD19F66}.Release|Any CPU.ActiveCfg = Release|Any CPU
		{ABCE75F6-575C-4F17-91C2-C8EEBCD19F66}.Release|Any CPU.Build.0 = Release|Any CPU
		{1B8C9066-7C3B-427C-B851-DEA604CF186C}.Debug|Any CPU.ActiveCfg = Debug|Any CPU
		{1B8C9066-7C3B-427C-B851-DEA604CF186C}.Debug|Any CPU.Build.0 = Debug|Any CPU
		{1B8C9066-7C3B-427C-B851-DEA604CF186C}.Release|Any CPU.ActiveCfg = Release|Any CPU
		{1B8C9066-7C3B-427C-B851-DEA604CF186C}.Release|Any CPU.Build.0 = Release|Any CPU
		{0CA6B737-C6DF-45B3-8A1B-D0DCD838EAD6}.Debug|Any CPU.ActiveCfg = Debug|Any CPU
		{0CA6B737-C6DF-45B3-8A1B-D0DCD838EAD6}.Debug|Any CPU.Build.0 = Debug|Any CPU
		{0CA6B737-C6DF-45B3-8A1B-D0DCD838EAD6}.Release|Any CPU.ActiveCfg = Release|Any CPU
		{0CA6B737-C6DF-45B3-8A1B-D0DCD838EAD6}.Release|Any CPU.Build.0 = Release|Any CPU
		{8207BA3C-9400-40EB-91EE-5C5A1E238863}.Debug|Any CPU.ActiveCfg = Debug|Any CPU
		{8207BA3C-9400-40EB-91EE-5C5A1E238863}.Debug|Any CPU.Build.0 = Debug|Any CPU
		{8207BA3C-9400-40EB-91EE-5C5A1E238863}.Release|Any CPU.ActiveCfg = Release|Any CPU
		{8207BA3C-9400-40EB-91EE-5C5A1E238863}.Release|Any CPU.Build.0 = Release|Any CPU
		{1D1E2983-BDD5-4E03-B6AF-DB9769A89F65}.Debug|Any CPU.ActiveCfg = Debug|Any CPU
		{1D1E2983-BDD5-4E03-B6AF-DB9769A89F65}.Debug|Any CPU.Build.0 = Debug|Any CPU
		{1D1E2983-BDD5-4E03-B6AF-DB9769A89F65}.Release|Any CPU.ActiveCfg = Release|Any CPU
		{1D1E2983-BDD5-4E03-B6AF-DB9769A89F65}.Release|Any CPU.Build.0 = Release|Any CPU
		{20E5F70E-C6A3-426A-84A2-713C2BA89091}.Debug|Any CPU.ActiveCfg = Debug|Any CPU
		{20E5F70E-C6A3-426A-84A2-713C2BA89091}.Debug|Any CPU.Build.0 = Debug|Any CPU
		{20E5F70E-C6A3-426A-84A2-713C2BA89091}.Release|Any CPU.ActiveCfg = Release|Any CPU
		{20E5F70E-C6A3-426A-84A2-713C2BA89091}.Release|Any CPU.Build.0 = Release|Any CPU
		{43F1B3AF-19E4-4B34-ACB5-487E4177AF65}.Debug|Any CPU.ActiveCfg = Debug|Any CPU
		{43F1B3AF-19E4-4B34-ACB5-487E4177AF65}.Debug|Any CPU.Build.0 = Debug|Any CPU
		{43F1B3AF-19E4-4B34-ACB5-487E4177AF65}.Release|Any CPU.ActiveCfg = Release|Any CPU
		{43F1B3AF-19E4-4B34-ACB5-487E4177AF65}.Release|Any CPU.Build.0 = Release|Any CPU
		{C1344ED9-1E9F-46F4-8031-CFDED2ECFA91}.Debug|Any CPU.ActiveCfg = Debug|Any CPU
		{C1344ED9-1E9F-46F4-8031-CFDED2ECFA91}.Debug|Any CPU.Build.0 = Debug|Any CPU
		{C1344ED9-1E9F-46F4-8031-CFDED2ECFA91}.Release|Any CPU.ActiveCfg = Release|Any CPU
		{C1344ED9-1E9F-46F4-8031-CFDED2ECFA91}.Release|Any CPU.Build.0 = Release|Any CPU
		{5F98DB2D-2B71-4A71-9AB1-45D6599D3BCE}.Debug|Any CPU.ActiveCfg = Debug|Any CPU
		{5F98DB2D-2B71-4A71-9AB1-45D6599D3BCE}.Debug|Any CPU.Build.0 = Debug|Any CPU
		{5F98DB2D-2B71-4A71-9AB1-45D6599D3BCE}.Release|Any CPU.ActiveCfg = Release|Any CPU
		{5F98DB2D-2B71-4A71-9AB1-45D6599D3BCE}.Release|Any CPU.Build.0 = Release|Any CPU
		{3F4BC286-1A6D-4CF4-B3A0-0B7545A4B9AB}.Debug|Any CPU.ActiveCfg = Debug|Any CPU
		{3F4BC286-1A6D-4CF4-B3A0-0B7545A4B9AB}.Debug|Any CPU.Build.0 = Debug|Any CPU
		{3F4BC286-1A6D-4CF4-B3A0-0B7545A4B9AB}.Release|Any CPU.ActiveCfg = Release|Any CPU
		{3F4BC286-1A6D-4CF4-B3A0-0B7545A4B9AB}.Release|Any CPU.Build.0 = Release|Any CPU
		{E590A7E8-D82C-45F7-AC2A-C13722E09FE6}.Debug|Any CPU.ActiveCfg = Debug|Any CPU
		{E590A7E8-D82C-45F7-AC2A-C13722E09FE6}.Debug|Any CPU.Build.0 = Debug|Any CPU
		{E590A7E8-D82C-45F7-AC2A-C13722E09FE6}.Release|Any CPU.ActiveCfg = Release|Any CPU
		{E590A7E8-D82C-45F7-AC2A-C13722E09FE6}.Release|Any CPU.Build.0 = Release|Any CPU
		{DCE48802-E674-48B5-AA0B-1B7D2F95E2BF}.Debug|Any CPU.ActiveCfg = Debug|Any CPU
		{DCE48802-E674-48B5-AA0B-1B7D2F95E2BF}.Debug|Any CPU.Build.0 = Debug|Any CPU
		{DCE48802-E674-48B5-AA0B-1B7D2F95E2BF}.Release|Any CPU.ActiveCfg = Release|Any CPU
		{DCE48802-E674-48B5-AA0B-1B7D2F95E2BF}.Release|Any CPU.Build.0 = Release|Any CPU
		{2FAFDA01-BF3D-4F57-9312-1887E86D3ED0}.Debug|Any CPU.ActiveCfg = Debug|Any CPU
		{2FAFDA01-BF3D-4F57-9312-1887E86D3ED0}.Debug|Any CPU.Build.0 = Debug|Any CPU
		{2FAFDA01-BF3D-4F57-9312-1887E86D3ED0}.Release|Any CPU.ActiveCfg = Release|Any CPU
		{2FAFDA01-BF3D-4F57-9312-1887E86D3ED0}.Release|Any CPU.Build.0 = Release|Any CPU
		{B6878F0A-BD94-46D0-90AC-8E16F37D184D}.Debug|Any CPU.ActiveCfg = Debug|Any CPU
		{B6878F0A-BD94-46D0-90AC-8E16F37D184D}.Debug|Any CPU.Build.0 = Debug|Any CPU
		{B6878F0A-BD94-46D0-90AC-8E16F37D184D}.Release|Any CPU.ActiveCfg = Release|Any CPU
		{B6878F0A-BD94-46D0-90AC-8E16F37D184D}.Release|Any CPU.Build.0 = Release|Any CPU
	EndGlobalSection
	GlobalSection(SolutionProperties) = preSolution
		HideSolutionNode = FALSE
	EndGlobalSection
	GlobalSection(NestedProjects) = preSolution
		{050EA7C5-29CD-46C7-9C5F-73CF8C7056CA} = {D2BD459E-C13D-47D4-B099-16A0D27729C9}
		{96EA4731-8B3D-4C20-A6CA-012F207F19EC} = {D2BD459E-C13D-47D4-B099-16A0D27729C9}
		{ABCE75F6-575C-4F17-91C2-C8EEBCD19F66} = {733469BD-0863-41E0-9358-FD6358899CC2}
		{0CA6B737-C6DF-45B3-8A1B-D0DCD838EAD6} = {0FB8CDE9-B14B-4347-A781-2A32426A4C9F}
		{8207BA3C-9400-40EB-91EE-5C5A1E238863} = {0FB8CDE9-B14B-4347-A781-2A32426A4C9F}
		{1D1E2983-BDD5-4E03-B6AF-DB9769A89F65} = {733469BD-0863-41E0-9358-FD6358899CC2}
		{20E5F70E-C6A3-426A-84A2-713C2BA89091} = {733469BD-0863-41E0-9358-FD6358899CC2}
		{43F1B3AF-19E4-4B34-ACB5-487E4177AF65} = {0FB8CDE9-B14B-4347-A781-2A32426A4C9F}
		{C1344ED9-1E9F-46F4-8031-CFDED2ECFA91} = {023C137E-F696-40E6-8506-33E239493028}
		{5F98DB2D-2B71-4A71-9AB1-45D6599D3BCE} = {93BE89BD-EBA3-4B13-BF33-36C038374226}
		{3F4BC286-1A6D-4CF4-B3A0-0B7545A4B9AB} = {0FB8CDE9-B14B-4347-A781-2A32426A4C9F}
		{DCC0D9B2-740D-4F64-9D3A-8A66CB94FEA9} = {5A77FF46-AC79-488A-B8B8-923513291B8B}
		{F23E9A3F-A739-435F-A09D-EC1B827E6425} = {5A77FF46-AC79-488A-B8B8-923513291B8B}
		{E590A7E8-D82C-45F7-AC2A-C13722E09FE6} = {DCC0D9B2-740D-4F64-9D3A-8A66CB94FEA9}
		{DCE48802-E674-48B5-AA0B-1B7D2F95E2BF} = {F23E9A3F-A739-435F-A09D-EC1B827E6425}
		{2FAFDA01-BF3D-4F57-9312-1887E86D3ED0} = {DCC0D9B2-740D-4F64-9D3A-8A66CB94FEA9}
		{B6878F0A-BD94-46D0-90AC-8E16F37D184D} = {F23E9A3F-A739-435F-A09D-EC1B827E6425}
	EndGlobalSection
	GlobalSection(ExtensibilityGlobals) = postSolution
		SolutionGuid = {03E5A487-05E6-4C77-9B71-52E9E6FFE074}
	EndGlobalSection
EndGlobal
