
Microsoft Visual Studio Solution File, Format Version 12.00
# Visual Studio Version 17
VisualStudioVersion = 17.5.33424.131
MinimumVisualStudioVersion = 10.0.40219.1
Project("{2150E333-8FDC-42A3-9474-1A3956D46DE8}") = "1简单模式", "1简单模式", "{D2BD459E-C13D-47D4-B099-16A0D27729C9}"
EndProject
Project("{2150E333-8FDC-42A3-9474-1A3956D46DE8}") = "2工作队列模式", "2工作队列模式", "{733469BD-0863-41E0-9358-FD6358899CC2}"
EndProject
Project("{9A19103F-16F7-4668-BE54-9A1E7A4F7556}") = "Producer", "1简单模式\Producer\Producer.csproj", "{050EA7C5-29CD-46C7-9C5F-73CF8C7056CA}"
EndProject
Project("{9A19103F-16F7-4668-BE54-9A1E7A4F7556}") = "Consumer", "1简单模式\Consumer\Consumer.csproj", "{96EA4731-8B3D-4C20-A6CA-012F207F19EC}"
EndProject
Project("{9A19103F-16F7-4668-BE54-9A1E7A4F7556}") = "Producer", "2工作队列模式\Producer\Producer.csproj", "{ABCE75F6-575C-4F17-91C2-C8EEBCD19F66}"
EndProject
Project("{9A19103F-16F7-4668-BE54-9A1E7A4F7556}") = "GlobalNuget", "GlobalNuget\GlobalNuget.csproj", "{1B8C9066-7C3B-427C-B851-DEA604CF186C}"
EndProject
Project("{2150E333-8FDC-42A3-9474-1A3956D46DE8}") = "3发布订阅模式", "3发布订阅模式", "{0FB8CDE9-B14B-4347-A781-2A32426A4C9F}"
EndProject
Project("{9A19103F-16F7-4668-BE54-9A1E7A4F7556}") = "Producer", "3发布订阅模式\Producer\Producer.csproj", "{0CA6B737-C6DF-45B3-8A1B-D0DCD838EAD6}"
EndProject
Project("{9A19103F-16F7-4668-BE54-9A1E7A4F7556}") = "Consumer2", "3发布订阅模式\Consumer2\Consumer2.csproj", "{8207BA3C-9400-40EB-91EE-5C5A1E238863}"
EndProject
Project("{9A19103F-16F7-4668-BE54-9A1E7A4F7556}") = "Consumer1", "2工作队列模式\Consumer1\Consumer1.csproj", "{1D1E2983-BDD5-4E03-B6AF-DB9769A89F65}"
EndProject
Project("{9A19103F-16F7-4668-BE54-9A1E7A4F7556}") = "Consumer1", "3发布订阅模式\Consumer1\Consumer1.csproj", "{43F1B3AF-19E4-4B34-ACB5-487E4177AF65}"
EndProject
Project("{2150E333-8FDC-42A3-9474-1A3956D46DE8}") = "4路由模式", "4路由模式", "{5A77FF46-AC79-488A-B8B8-923513291B8B}"
EndProject
Project("{2150E333-8FDC-42A3-9474-1A3956D46DE8}") = "5主题模式", "5主题模式", "{023C137E-F696-40E6-8506-33E239493028}"
EndProject
Project("{2150E333-8FDC-42A3-9474-1A3956D46DE8}") = "6RPC模式", "6RPC模式", "{93BE89BD-EBA3-4B13-BF33-36C038374226}"
EndProject
Project("{9A19103F-16F7-4668-BE54-9A1E7A4F7556}") = "Producer", "5主题模式\Producer\Producer.csproj", "{C1344ED9-1E9F-46F4-8031-CFDED2ECFA91}"
EndProject
Project("{9A19103F-16F7-4668-BE54-9A1E7A4F7556}") = "Producer", "4路由模式\Producer\Producer.csproj", "{AE5A42A8-0BD6-49D6-BB54-4787580FC74F}"
EndProject
Project("{9A19103F-16F7-4668-BE54-9A1E7A4F7556}") = "Consumer1", "4路由模式\Consumer1\Consumer1.csproj", "{62964A37-3DC4-4F61-BBCA-1888C804F66C}"
EndProject
Project("{9A19103F-16F7-4668-BE54-9A1E7A4F7556}") = "Consumer2", "4路由模式\Consumer2\Consumer2.csproj", "{3AE30BFF-69C4-4247-9DC5-6C5C2010F950}"
EndProject
Project("{9A19103F-16F7-4668-BE54-9A1E7A4F7556}") = "Consumer2", "2工作队列模式\Consumer2\Consumer2.csproj", "{63F49EA6-00BC-40E8-965A-E423EC1FA7D2}"
EndProject
Project("{FAE04EC0-301F-11D3-BF4B-00C04F79EFBC}") = "Consumer1", "5主题模式\Consumer1\Consumer1.csproj", "{78B724A5-E1D5-482D-B793-2FAE458E65E4}"
EndProject
Project("{FAE04EC0-301F-11D3-BF4B-00C04F79EFBC}") = "Consumer2", "5主题模式\Consumer2\Consumer2.csproj", "{FA08FF3C-9C75-4C15-9854-15606BFF68FF}"
EndProject
Project("{9A19103F-16F7-4668-BE54-9A1E7A4F7556}") = "Producer", "6RPC模式\Producer\Producer.csproj", "{A161AC99-6679-4363-9CCB-F2F4D98A3335}"
EndProject
Project("{FAE04EC0-301F-11D3-BF4B-00C04F79EFBC}") = "Consumer", "6RPC模式\Consumer\Consumer.csproj", "{EF7D54EB-DB03-4E6D-8F10-AF677F594B50}"
EndProject
Global
	GlobalSection(SolutionConfigurationPlatforms) = preSolution
		Debug|Any CPU = Debug|Any CPU
		Release|Any CPU = Release|Any CPU
	EndGlobalSection
	GlobalSection(ProjectConfigurationPlatforms) = postSolution
		{050EA7C5-29CD-46C7-9C5F-73CF8C7056CA}.Debug|Any CPU.ActiveCfg = Debug|Any CPU
		{050EA7C5-29CD-46C7-9C5F-73CF8C7056CA}.Debug|Any CPU.Build.0 = Debug|Any CPU
		{050EA7C5-29CD-46C7-9C5F-73CF8C7056CA}.Release|Any CPU.ActiveCfg = Release|Any CPU
		{050EA7C5-29CD-46C7-9C5F-73CF8C7056CA}.Release|Any CPU.Build.0 = Release|Any CPU
		{96EA4731-8B3D-4C20-A6CA-012F207F19EC}.Debug|Any CPU.ActiveCfg = Debug|Any CPU
		{96EA4731-8B3D-4C20-A6CA-012F207F19EC}.Debug|Any CPU.Build.0 = Debug|Any CPU
		{96EA4731-8B3D-4C20-A6CA-012F207F19EC}.Release|Any CPU.ActiveCfg = Release|Any CPU
		{96EA4731-8B3D-4C20-A6CA-012F207F19EC}.Release|Any CPU.Build.0 = Release|Any CPU
		{ABCE75F6-575C-4F17-91C2-C8EEBCD19F66}.Debug|Any CPU.ActiveCfg = Debug|Any CPU
		{ABCE75F6-575C-4F17-91C2-C8EEBCD19F66}.Debug|Any CPU.Build.0 = Debug|Any CPU
		{ABCE75F6-575C-4F17-91C2-C8EEBCD19F66}.Release|Any CPU.ActiveCfg = Release|Any CPU
		{ABCE75F6-575C-4F17-91C2-C8EEBCD19F66}.Release|Any CPU.Build.0 = Release|Any CPU
		{1B8C9066-7C3B-427C-B851-DEA604CF186C}.Debug|Any CPU.ActiveCfg = Debug|Any CPU
		{1B8C9066-7C3B-427C-B851-DEA604CF186C}.Debug|Any CPU.Build.0 = Debug|Any CPU
		{1B8C9066-7C3B-427C-B851-DEA604CF186C}.Release|Any CPU.ActiveCfg = Release|Any CPU
		{1B8C9066-7C3B-427C-B851-DEA604CF186C}.Release|Any CPU.Build.0 = Release|Any CPU
		{0CA6B737-C6DF-45B3-8A1B-D0DCD838EAD6}.Debug|Any CPU.ActiveCfg = Debug|Any CPU
		{0CA6B737-C6DF-45B3-8A1B-D0DCD838EAD6}.Debug|Any CPU.Build.0 = Debug|Any CPU
		{0CA6B737-C6DF-45B3-8A1B-D0DCD838EAD6}.Release|Any CPU.ActiveCfg = Release|Any CPU
		{0CA6B737-C6DF-45B3-8A1B-D0DCD838EAD6}.Release|Any CPU.Build.0 = Release|Any CPU
		{8207BA3C-9400-40EB-91EE-5C5A1E238863}.Debug|Any CPU.ActiveCfg = Debug|Any CPU
		{8207BA3C-9400-40EB-91EE-5C5A1E238863}.Debug|Any CPU.Build.0 = Debug|Any CPU
		{8207BA3C-9400-40EB-91EE-5C5A1E238863}.Release|Any CPU.ActiveCfg = Release|Any CPU
		{8207BA3C-9400-40EB-91EE-5C5A1E238863}.Release|Any CPU.Build.0 = Release|Any CPU
		{1D1E2983-BDD5-4E03-B6AF-DB9769A89F65}.Debug|Any CPU.ActiveCfg = Debug|Any CPU
		{1D1E2983-BDD5-4E03-B6AF-DB9769A89F65}.Debug|Any CPU.Build.0 = Debug|Any CPU
		{1D1E2983-BDD5-4E03-B6AF-DB9769A89F65}.Release|Any CPU.ActiveCfg = Release|Any CPU
		{1D1E2983-BDD5-4E03-B6AF-DB9769A89F65}.Release|Any CPU.Build.0 = Release|Any CPU
		{43F1B3AF-19E4-4B34-ACB5-487E4177AF65}.Debug|Any CPU.ActiveCfg = Debug|Any CPU
		{43F1B3AF-19E4-4B34-ACB5-487E4177AF65}.Debug|Any CPU.Build.0 = Debug|Any CPU
		{43F1B3AF-19E4-4B34-ACB5-487E4177AF65}.Release|Any CPU.ActiveCfg = Release|Any CPU
		{43F1B3AF-19E4-4B34-ACB5-487E4177AF65}.Release|Any CPU.Build.0 = Release|Any CPU
		{C1344ED9-1E9F-46F4-8031-CFDED2ECFA91}.Debug|Any CPU.ActiveCfg = Debug|Any CPU
		{C1344ED9-1E9F-46F4-8031-CFDED2ECFA91}.Debug|Any CPU.Build.0 = Debug|Any CPU
		{C1344ED9-1E9F-46F4-8031-CFDED2ECFA91}.Release|Any CPU.ActiveCfg = Release|Any CPU
		{C1344ED9-1E9F-46F4-8031-CFDED2ECFA91}.Release|Any CPU.Build.0 = Release|Any CPU
		{AE5A42A8-0BD6-49D6-BB54-4787580FC74F}.Debug|Any CPU.ActiveCfg = Debug|Any CPU
		{AE5A42A8-0BD6-49D6-BB54-4787580FC74F}.Debug|Any CPU.Build.0 = Debug|Any CPU
		{AE5A42A8-0BD6-49D6-BB54-4787580FC74F}.Release|Any CPU.ActiveCfg = Release|Any CPU
		{AE5A42A8-0BD6-49D6-BB54-4787580FC74F}.Release|Any CPU.Build.0 = Release|Any CPU
		{62964A37-3DC4-4F61-BBCA-1888C804F66C}.Debug|Any CPU.ActiveCfg = Debug|Any CPU
		{62964A37-3DC4-4F61-BBCA-1888C804F66C}.Debug|Any CPU.Build.0 = Debug|Any CPU
		{62964A37-3DC4-4F61-BBCA-1888C804F66C}.Release|Any CPU.ActiveCfg = Release|Any CPU
		{62964A37-3DC4-4F61-BBCA-1888C804F66C}.Release|Any CPU.Build.0 = Release|Any CPU
		{3AE30BFF-69C4-4247-9DC5-6C5C2010F950}.Debug|Any CPU.ActiveCfg = Debug|Any CPU
		{3AE30BFF-69C4-4247-9DC5-6C5C2010F950}.Debug|Any CPU.Build.0 = Debug|Any CPU
		{3AE30BFF-69C4-4247-9DC5-6C5C2010F950}.Release|Any CPU.ActiveCfg = Release|Any CPU
		{3AE30BFF-69C4-4247-9DC5-6C5C2010F950}.Release|Any CPU.Build.0 = Release|Any CPU
		{63F49EA6-00BC-40E8-965A-E423EC1FA7D2}.Debug|Any CPU.ActiveCfg = Debug|Any CPU
		{63F49EA6-00BC-40E8-965A-E423EC1FA7D2}.Debug|Any CPU.Build.0 = Debug|Any CPU
		{63F49EA6-00BC-40E8-965A-E423EC1FA7D2}.Release|Any CPU.ActiveCfg = Release|Any CPU
		{63F49EA6-00BC-40E8-965A-E423EC1FA7D2}.Release|Any CPU.Build.0 = Release|Any CPU
		{78B724A5-E1D5-482D-B793-2FAE458E65E4}.Debug|Any CPU.ActiveCfg = Debug|Any CPU
		{78B724A5-E1D5-482D-B793-2FAE458E65E4}.Debug|Any CPU.Build.0 = Debug|Any CPU
		{78B724A5-E1D5-482D-B793-2FAE458E65E4}.Release|Any CPU.ActiveCfg = Release|Any CPU
		{78B724A5-E1D5-482D-B793-2FAE458E65E4}.Release|Any CPU.Build.0 = Release|Any CPU
		{FA08FF3C-9C75-4C15-9854-15606BFF68FF}.Debug|Any CPU.ActiveCfg = Debug|Any CPU
		{FA08FF3C-9C75-4C15-9854-15606BFF68FF}.Debug|Any CPU.Build.0 = Debug|Any CPU
		{FA08FF3C-9C75-4C15-9854-15606BFF68FF}.Release|Any CPU.ActiveCfg = Release|Any CPU
		{FA08FF3C-9C75-4C15-9854-15606BFF68FF}.Release|Any CPU.Build.0 = Release|Any CPU
		{A161AC99-6679-4363-9CCB-F2F4D98A3335}.Debug|Any CPU.ActiveCfg = Debug|Any CPU
		{A161AC99-6679-4363-9CCB-F2F4D98A3335}.Debug|Any CPU.Build.0 = Debug|Any CPU
		{A161AC99-6679-4363-9CCB-F2F4D98A3335}.Release|Any CPU.ActiveCfg = Release|Any CPU
		{A161AC99-6679-4363-9CCB-F2F4D98A3335}.Release|Any CPU.Build.0 = Release|Any CPU
		{EF7D54EB-DB03-4E6D-8F10-AF677F594B50}.Debug|Any CPU.ActiveCfg = Debug|Any CPU
		{EF7D54EB-DB03-4E6D-8F10-AF677F594B50}.Debug|Any CPU.Build.0 = Debug|Any CPU
		{EF7D54EB-DB03-4E6D-8F10-AF677F594B50}.Release|Any CPU.ActiveCfg = Release|Any CPU
		{EF7D54EB-DB03-4E6D-8F10-AF677F594B50}.Release|Any CPU.Build.0 = Release|Any CPU
	EndGlobalSection
	GlobalSection(SolutionProperties) = preSolution
		HideSolutionNode = FALSE
	EndGlobalSection
	GlobalSection(NestedProjects) = preSolution
		{050EA7C5-29CD-46C7-9C5F-73CF8C7056CA} = {D2BD459E-C13D-47D4-B099-16A0D27729C9}
		{96EA4731-8B3D-4C20-A6CA-012F207F19EC} = {D2BD459E-C13D-47D4-B099-16A0D27729C9}
		{ABCE75F6-575C-4F17-91C2-C8EEBCD19F66} = {733469BD-0863-41E0-9358-FD6358899CC2}
		{0CA6B737-C6DF-45B3-8A1B-D0DCD838EAD6} = {0FB8CDE9-B14B-4347-A781-2A32426A4C9F}
		{8207BA3C-9400-40EB-91EE-5C5A1E238863} = {0FB8CDE9-B14B-4347-A781-2A32426A4C9F}
		{1D1E2983-BDD5-4E03-B6AF-DB9769A89F65} = {733469BD-0863-41E0-9358-FD6358899CC2}
		{43F1B3AF-19E4-4B34-ACB5-487E4177AF65} = {0FB8CDE9-B14B-4347-A781-2A32426A4C9F}
		{C1344ED9-1E9F-46F4-8031-CFDED2ECFA91} = {023C137E-F696-40E6-8506-33E239493028}
		{AE5A42A8-0BD6-49D6-BB54-4787580FC74F} = {5A77FF46-AC79-488A-B8B8-923513291B8B}
		{62964A37-3DC4-4F61-BBCA-1888C804F66C} = {5A77FF46-AC79-488A-B8B8-923513291B8B}
		{3AE30BFF-69C4-4247-9DC5-6C5C2010F950} = {5A77FF46-AC79-488A-B8B8-923513291B8B}
		{63F49EA6-00BC-40E8-965A-E423EC1FA7D2} = {733469BD-0863-41E0-9358-FD6358899CC2}
		{78B724A5-E1D5-482D-B793-2FAE458E65E4} = {023C137E-F696-40E6-8506-33E239493028}
		{FA08FF3C-9C75-4C15-9854-15606BFF68FF} = {023C137E-F696-40E6-8506-33E239493028}
		{A161AC99-6679-4363-9CCB-F2F4D98A3335} = {93BE89BD-EBA3-4B13-BF33-36C038374226}
		{EF7D54EB-DB03-4E6D-8F10-AF677F594B50} = {93BE89BD-EBA3-4B13-BF33-36C038374226}
	EndGlobalSection
	GlobalSection(ExtensibilityGlobals) = postSolution
		SolutionGuid = {03E5A487-05E6-4C77-9B71-52E9E6FFE074}
	EndGlobalSection
EndGlobal
